
Microsoft Visual Studio Solution File, Format Version 12.00
# Visual Studio Version 16
VisualStudioVersion = 16.0.33529.622
MinimumVisualStudioVersion = 10.0.40219.1
Project("{FAE04EC0-301F-11D3-BF4B-00C04F79EFBC}") = "WebApplication1", "WebApplication1\WebApplication1.csproj", "{9D9CB38F-04C2-4BF1-AEF6-F1EC98BF659E}"
EndProject
Global
	GlobalSection(SolutionConfigurationPlatforms) = preSolution
		Debug|Any CPU = Debug|Any CPU
		Release|Any CPU = Release|Any CPU
	EndGlobalSection
	GlobalSection(ProjectConfigurationPlatforms) = postSolution
		{9D9CB38F-04C2-4BF1-AEF6-F1EC98BF659E}.Debug|Any CPU.ActiveCfg = Debug|Any CPU
		{9D9CB38F-04C2-4BF1-AEF6-F1EC98BF659E}.Debug|Any CPU.Build.0 = Debug|Any CPU
		{9D9CB38F-04C2-4BF1-AEF6-F1EC98BF659E}.Release|Any CPU.ActiveCfg = Release|Any CPU
		{9D9CB38F-04C2-4BF1-AEF6-F1EC98BF659E}.Release|Any CPU.Build.0 = Release|Any CPU
	EndGlobalSection
	GlobalSection(SolutionProperties) = preSolution
		HideSolutionNode = FALSE
	EndGlobalSection
	GlobalSection(ExtensibilityGlobals) = postSolution
		SolutionGuid = {90396F9D-6B42-4FE4-B8C1-C63F37B3B680}
	EndGlobalSection
EndGlobal
